# This file is autogenerated, do not edit; changes may be undone by the next 'dep ensure'.


[[projects]]
  branch = "master"
  digest = "1:7d191fd0c54ff370eaf6116a14dafe2a328df487baea280699f597aae858d00d"
  name = "github.com/aristanetworks/goarista"
  packages = ["monotime"]
  pruneopts = "NUT"
  revision = "59652c8de980f3fef4d4f996665828d89574dbef"

[[projects]]
  branch = "master"
  digest = "1:707ebe952a8b3d00b343c01536c79c73771d100f63ec6babeaed5c79e2b8a8dd"
  name = "github.com/beorn7/perks"
  packages = ["quantile"]
  pruneopts = "NUT"
  revision = "3a771d992973f24aa725d07868b467d1ddfceafb"

[[projects]]
  branch = "master"
  digest = "1:373fe2569c363ca0754b9e5a9c3ecb7b4bad9076688376981f72a7844e526c64"
  name = "github.com/btcsuite/btcd"
  packages = ["btcec"]
  pruneopts = "NUT"
  revision = "bc0944904505aab55e089371a892be2f87883161"

[[projects]]
  digest = "1:8bd557621150427d0e57981be07aeaa9dd0f884a27d448b00381a52b5826269d"
  name = "github.com/deckarep/golang-set"
  packages = ["."]
  pruneopts = "NUT"
  revision = "cbaa98ba5575e67703b32b4b19f73c91f3c4159e"
  version = "v1.7.1"

[[projects]]
  digest = "1:08af77c41dc6a9ab5dd123ce76356fa4068d57287c060cdc934e1131973dd037"
  name = "github.com/ethereum/go-ethereum"
  packages = [
    ".",
    "common",
    "common/bitutil",
    "common/hexutil",
    "common/math",
    "common/mclock",
    "common/prque",
    "core/types",
    "crypto",
    "crypto/ecies",
    "crypto/secp256k1",
    "crypto/sha3",
    "ethdb",
    "event",
    "log",
    "metrics",
    "p2p",
    "p2p/discover",
    "p2p/discv5",
    "p2p/enode",
    "p2p/enr",
    "p2p/nat",
    "p2p/netutil",
    "params",
    "rlp",
    "rpc",
    "trie",
  ]
  pruneopts = "T"
  revision = "8bbe72075e4e16442c4e28d999edee12e294329e"
  version = "v1.8.17"

[[projects]]
  digest = "1:1b91ae0dc69a41d4c2ed23ea5cffb721ea63f5037ca4b81e6d6771fbb8f45129"
  name = "github.com/fsnotify/fsnotify"
  packages = ["."]
  pruneopts = "NUT"
  revision = "c2828203cd70a50dcccfb2761f8b1f8ceef9a8e9"
  version = "v1.4.7"

[[projects]]
  branch = "develop"
  digest = "1:06f927d0987240199c9051bd3bb8139380510c1d8f82d4786a484831241f3dcf"
  name = "github.com/getamis/sirius"
  packages = [
    "log",
    "metrics",
  ]
  pruneopts = "NUT"
  revision = "3169265a49d667869e59ae691e34056a3dd80d0d"

[[projects]]
  digest = "1:a1efdbc2762667c8a41cbf02b19a0549c846bf2c1d08cad4f445e3344089f1f0"
  name = "github.com/go-stack/stack"
  packages = ["."]
  pruneopts = "NUT"
  revision = "259ab82a6cad3992b4e21ff5cac294ccb06474bc"
  version = "v1.7.0"

[[projects]]
  digest = "1:03e14cff610a8a58b774e36bd337fa979482be86aab01be81fb8bbd6d0f07fc8"
  name = "github.com/golang/protobuf"
  packages = [
    "proto",
    "ptypes",
    "ptypes/any",
    "ptypes/duration",
    "ptypes/timestamp",
  ]
  pruneopts = "NUT"
  revision = "b4deda0973fb4c70b50d226b1af49f3da59f5265"
  version = "v1.1.0"

[[projects]]
  branch = "master"
  digest = "1:7f114b78210bf5b75f307fc97cff293633c835bab1e0ea8a744a44b39c042dfe"
  name = "github.com/golang/snappy"
  packages = ["."]
  pruneopts = "NUT"
  revision = "2e65f85255dbc3072edf28d6b5b8efc472979f5a"

[[projects]]
  branch = "master"
  digest = "1:5872c7f130f62fc34bfda20babad36be6309c00b5c9207717f7cd2a51536fff4"
  name = "github.com/grpc-ecosystem/go-grpc-prometheus"
  packages = ["."]
  pruneopts = "NUT"
  revision = "39de4380c2e0353a115b80b1c730719c79bfb771"

[[projects]]
  branch = "master"
  digest = "1:11c6c696067d3127ecf332b10f89394d386d9083f82baf71f40f2da31841a009"
  name = "github.com/hashicorp/hcl"
  packages = [
    ".",
    "hcl/ast",
    "hcl/parser",
    "hcl/printer",
    "hcl/scanner",
    "hcl/strconv",
    "hcl/token",
    "json/parser",
    "json/scanner",
    "json/token",
  ]
  pruneopts = "NUT"
  revision = "ef8a98b0bbce4a65b5aa4c368430a80ddc533168"

[[projects]]
  branch = "master"
  digest = "1:bbbedfea3b4957b6eb471729c7e7c229d3deccfbc518013a902771d1a6893dc2"
  name = "github.com/huin/goupnp"
  packages = [
    ".",
    "dcps/internetgateway1",
    "dcps/internetgateway2",
    "httpu",
    "scpd",
    "soap",
    "ssdp",
  ]
  pruneopts = "NUT"
  revision = "1395d1447324cbea88d249fbfcfd70ea878fdfca"

[[projects]]
  digest = "1:406338ad39ab2e37b7f4452906442a3dbf0eb3379dd1f06aafb5c07e769a5fbb"
  name = "github.com/inconshreveable/mousetrap"
  packages = ["."]
  pruneopts = "NUT"
  revision = "76626ae9c91c4f2a10f34cad8ce83ea42c93bb75"
  version = "v1.0"

[[projects]]
  digest = "1:9a902b21167021de840fcf5e44245f222b89e6d1b02ec5c46f8315ded0911e87"
  name = "github.com/jackpal/go-nat-pmp"
  packages = ["."]
  pruneopts = "NUT"
  revision = "c9cfead9f2a36ddf3daa40ba269aa7f4bbba6b62"
  version = "v1.0.1"

[[projects]]
  digest = "1:d244f8666a838fe6ad70ec8fe77f50ebc29fdc3331a2729ba5886bef8435d10d"
  name = "github.com/magiconair/properties"
  packages = ["."]
  pruneopts = "NUT"
  revision = "c2353362d570a7bfa228149c62842019201cfb71"
  version = "v1.8.0"

[[projects]]
  digest = "1:5985ef4caf91ece5d54817c11ea25f182697534f8ae6521eadcd628c142ac4b6"
  name = "github.com/matttproud/golang_protobuf_extensions"
  packages = ["pbutil"]
  pruneopts = "NUT"
  revision = "c12348ce28de40eed0136aa2b644d0ee0650e56c"
  version = "v1.0.1"

[[projects]]
  branch = "master"
  digest = "1:ffbb5e45e7e69a915767cc2fcff99525645afdfefffee72c551940e4b055e538"
  name = "github.com/mitchellh/mapstructure"
  packages = ["."]
  pruneopts = "NUT"
  revision = "bb74f1db0675b241733089d5a1faa5dd8b0ef57b"

[[projects]]
  digest = "1:13b8f1a2ce177961dc9231606a52f709fab896c565f3988f60a7f6b4e543a902"
  name = "github.com/pelletier/go-toml"
  packages = ["."]
  pruneopts = "NUT"
  revision = "acdc4509485b587f5e675510c4f2c63e90ff68a8"
  version = "v1.1.0"

[[projects]]
  branch = "master"
  digest = "1:9aca8ac9e828709caa66444718f5e628a0ac5a02c351afa5b4a838849ad63c3f"
  name = "github.com/prometheus/client_golang"
  packages = [
    "prometheus",
    "prometheus/promhttp",
  ]
  pruneopts = "NUT"
  revision = "c51dc758d4bb30acacbef9eaa2b774969a135086"

[[projects]]
  branch = "master"
  digest = "1:32d10bdfa8f09ecf13598324dba86ab891f11db3c538b6a34d1c3b5b99d7c36b"
  name = "github.com/prometheus/client_model"
  packages = ["go"]
  pruneopts = "NUT"
  revision = "99fa1f4be8e564e8a6b613da7fa6f46c9edafc6c"

[[projects]]
  branch = "master"
  digest = "1:768b555b86742de2f28beb37f1dedce9a75f91f871d75b5717c96399c1a78c08"
  name = "github.com/prometheus/common"
  packages = [
    "expfmt",
    "internal/bitbucket.org/ww/goautoneg",
    "model",
  ]
  pruneopts = "NUT"
  revision = "7600349dcfe1abd18d72d3a1770870d9800a7801"

[[projects]]
  branch = "master"
  digest = "1:c4a213a8d73fbb0b13f717ba7996116602ef18ecb42b91d77405877914cb0349"
  name = "github.com/prometheus/procfs"
  packages = [
    ".",
    "internal/util",
    "nfs",
    "xfs",
  ]
  pruneopts = "NUT"
  revision = "fe93d378a6b03758a2c1b65e86cf630bf78681c0"

[[projects]]
  digest = "1:810d960260b42c751f5254f6dbff5e6c79c8047b90a9bf4a06bba479b99aff1d"
  name = "github.com/rs/cors"
  packages = ["."]
  pruneopts = "NUT"
  revision = "ca016a06a5753f8ba03029c0aa5e54afb1bf713f"
  version = "v1.4.0"

[[projects]]
  digest = "1:35f36ea322654e3d0932e58ad26556998260b9fa9e691471f756d173684eac0a"
  name = "github.com/spf13/afero"
  packages = [
    ".",
    "mem",
  ]
  pruneopts = "NUT"
  revision = "63644898a8da0bc22138abf860edaf5277b6102e"
  version = "v1.1.0"

[[projects]]
  digest = "1:3fa7947ca83b98ae553590d993886e845a4bff19b7b007e869c6e0dd3b9da9cd"
  name = "github.com/spf13/cast"
  packages = ["."]
  pruneopts = "NUT"
  revision = "8965335b8c7107321228e3e3702cab9832751bac"
  version = "v1.2.0"

[[projects]]
  digest = "1:343d44e06621142ab09ae0c76c1799104cdfddd3ffb445d78b1adf8dc3ffaf3d"
  name = "github.com/spf13/cobra"
  packages = ["."]
  pruneopts = "NUT"
  revision = "ef82de70bb3f60c65fb8eebacbb2d122ef517385"
  version = "v0.0.3"

[[projects]]
  branch = "master"
  digest = "1:f29f83301ed096daed24a90f4af591b7560cb14b9cc3e1827abbf04db7269ab5"
  name = "github.com/spf13/jwalterweatherman"
  packages = ["."]
  pruneopts = "NUT"
  revision = "7c0cea34c8ece3fbeb2b27ab9b59511d360fb394"

[[projects]]
  digest = "1:15e5c398fbd9d2c439b635a08ac161b13d04f0c2aa587fe256b65dc0c3efe8b7"
  name = "github.com/spf13/pflag"
  packages = ["."]
  pruneopts = "NUT"
  revision = "583c0c0531f06d5278b7d917446061adc344b5cd"
  version = "v1.0.1"

[[projects]]
  digest = "1:ea67fb4941c0a1a92f828e73cf426533c71db02df45a2cdf55a14c3e7b74c07a"
  name = "github.com/spf13/viper"
  packages = ["."]
  pruneopts = "NUT"
  revision = "b5e8006cbee93ec955a89ab31e0e3ce3204f3736"
  version = "v1.0.2"

[[projects]]
  branch = "master"
  digest = "1:b18d044774f6ba5930c3fbf9958b2a9256c21f31dc50ecfa0622fe2a46608974"
  name = "github.com/syndtr/goleveldb"
  packages = [
    "leveldb",
    "leveldb/cache",
    "leveldb/comparer",
    "leveldb/errors",
    "leveldb/filter",
    "leveldb/iterator",
    "leveldb/journal",
    "leveldb/memdb",
    "leveldb/opt",
    "leveldb/storage",
    "leveldb/table",
    "leveldb/util",
  ]
  pruneopts = "NUT"
  revision = "5d6fca44a948d2be89a9702de7717f0168403d3d"

[[projects]]
  digest = "1:b2772f972286cb3fe09611320389285fde0520d13c61800eb451ddb36ae253f6"
  name = "github.com/tidwall/gjson"
  packages = ["."]
  pruneopts = "NUT"
  revision = "01f00f129617a6fe98941fb920d6c760241b54d2"
  version = "v1.1.0"

[[projects]]
  branch = "master"
  digest = "1:420af1239081e32845242dbfbf364362ee8e10fe1e315e5a6d6cae4bd7c1dd67"
  name = "github.com/tidwall/match"
  packages = ["."]
  pruneopts = "NUT"
  revision = "1731857f09b1f38450e2c12409748407822dc6be"

[[projects]]
  branch = "master"
  digest = "1:21eb45011645792526f154facf2225f7e25d63839441b658289a95a53a0454e7"
  name = "golang.org/x/net"
  packages = [
    "context",
    "html",
    "html/atom",
    "html/charset",
    "http/httpguts",
    "http2",
    "http2/hpack",
    "idna",
    "internal/timeseries",
    "trace",
    "websocket",
  ]
  pruneopts = "NUT"
  revision = "dfa909b99c79129e1100513e5cd36307665e5723"

[[projects]]
  branch = "master"
  digest = "1:bce9b2d502f3d9c56a0aeb142e160ecf9feb11448900a5bb01d784b928c49116"
  name = "golang.org/x/sys"
  packages = ["unix"]
  pruneopts = "NUT"
  revision = "88eb85aaee56831ad49eaf7aa80d73de9814cde2"

[[projects]]
  digest = "1:8a12cbc891b7130d3f660f8a309e5c0b083f831e6ac38cdaa1f12e63c12d6bea"
  name = "golang.org/x/text"
  packages = [
    "collate",
    "collate/build",
    "encoding",
    "encoding/charmap",
    "encoding/htmlindex",
    "encoding/internal",
    "encoding/internal/identifier",
    "encoding/japanese",
    "encoding/korean",
    "encoding/simplifiedchinese",
    "encoding/traditionalchinese",
    "encoding/unicode",
    "internal/colltab",
    "internal/gen",
    "internal/tag",
    "internal/triegen",
    "internal/ucd",
    "internal/utf8internal",
    "language",
    "runes",
    "secure/bidirule",
    "transform",
    "unicode/bidi",
    "unicode/cldr",
    "unicode/norm",
    "unicode/rangetable",
  ]
  pruneopts = "NUT"
  revision = "f21a4dfb5e38f5895301dc265a8def02365cc3d0"
  version = "v0.3.0"

[[projects]]
  branch = "master"
  digest = "1:3c24554c312721e98fa6b76403e7100cf974eb46b1255ea7fc6471db9a9ce498"
  name = "google.golang.org/genproto"
  packages = ["googleapis/rpc/status"]
  pruneopts = "NUT"
  revision = "694d95ba50e67b2e363f3483057db5d4910c18f9"

[[projects]]
  digest = "1:a840929a3a2d91282dc853cbd5f586069c14ae373247fb7d4cb4fa02b285326e"
  name = "google.golang.org/grpc"
  packages = [
    ".",
    "balancer",
    "balancer/base",
    "balancer/roundrobin",
    "channelz",
    "codes",
    "connectivity",
    "credentials",
    "encoding",
    "encoding/proto",
    "grpclb/grpc_lb_v1/messages",
    "grpclog",
    "internal",
    "keepalive",
    "metadata",
    "naming",
    "peer",
    "resolver",
    "resolver/dns",
    "resolver/passthrough",
    "stats",
    "status",
    "tap",
    "transport",
  ]
  pruneopts = "NUT"
  revision = "41344da2231b913fa3d983840a57a6b1b7b631a1"
  version = "v1.12.0"

[[projects]]
  branch = "v2"
  digest = "1:85815bf6f46dc1855ae4e236b496bfa463f04fce83f700d74357ef220476abb7"
  name = "gopkg.in/natefinch/npipe.v2"
  packages = ["."]
  pruneopts = "NUT"
  revision = "c1b8fa8bdccecb0b8db834ee0b92fdbcfa606dd6"

[[projects]]
  digest = "1:7c95b35057a0ff2e19f707173cc1a947fa43a6eb5c4d300d196ece0334046082"
  name = "gopkg.in/yaml.v2"
  packages = ["."]
  pruneopts = "NUT"
  revision = "5420a8b6744d3b0345ab293f6fcba19c978f1183"
  version = "v2.2.1"

[solve-meta]
  analyzer-name = "dep"
  analyzer-version = 1
  input-imports = [
    "github.com/ethereum/go-ethereum",
    "github.com/ethereum/go-ethereum/common",
    "github.com/ethereum/go-ethereum/common/hexutil",
    "github.com/ethereum/go-ethereum/core/types",
    "github.com/ethereum/go-ethereum/p2p",
    "github.com/ethereum/go-ethereum/rlp",
    "github.com/ethereum/go-ethereum/rpc",
    "github.com/getamis/sirius/log",
    "github.com/getamis/sirius/metrics",
    "github.com/spf13/cobra",
    "github.com/spf13/viper",
    "github.com/tidwall/gjson",
  ]
  solver-name = "gps-cdcl"
  solver-version = 1
